{
  "requires": true,
  "lockfileVersion": 1,
  "dependencies": {
    "js-markov": {
      "version": "3.0.3",
      "resolved": "https://registry.npmjs.org/js-markov/-/js-markov-3.0.3.tgz",
      "integrity": "sha512-UgKhwGn5G2XgPr13VK73ExrMVsZCrr7XbH34mKAD96qwjMg+3w0wgUDeJg6g9YqMhabLElFm3Kr8P5Ej9KKFyg=="
    },
    "node-fetch": {
      "version": "2.6.1",
      "resolved": "https://registry.npmjs.org/node-fetch/-/node-fetch-2.6.1.tgz",
      "integrity": "sha512-V4aYg89jEoVRxRb2fJdAg8FHvI7cEyYdVAh94HH0UIK8oJxUfkjlDQN9RbMx+bEjP7+ggMiFRprSti032Oipxw=="
    }
  }
}
